// !$*UTF8*$!
{
	archiveVersion = 1;
	classes = {
	};
	objectVersion = 56;
	objects = {

/* Begin PBXBuildFile section */
		910C0D6C29320AD100C63550 /* CryptoCurrencyApp.swift in Sources */ = {isa = PBXBuildFile; fileRef = 910C0D6B29320AD100C63550 /* CryptoCurrencyApp.swift */; };
		910C0D6E29320AD100C63550 /* CryptoView.swift in Sources */ = {isa = PBXBuildFile; fileRef = 910C0D6D29320AD100C63550 /* CryptoView.swift */; };
		910C0D7029320AD300C63550 /* Assets.xcassets in Resources */ = {isa = PBXBuildFile; fileRef = 910C0D6F29320AD300C63550 /* Assets.xcassets */; };
		910C0D7329320AD300C63550 /* Preview Assets.xcassets in Resources */ = {isa = PBXBuildFile; fileRef = 910C0D7229320AD300C63550 /* Preview Assets.xcassets */; };
		910C0D7A29320B3700C63550 /* CryptoListCellView.swift in Sources */ = {isa = PBXBuildFile; fileRef = 910C0D7929320B3700C63550 /* CryptoListCellView.swift */; };
		910C0D7E29320E7200C63550 /* Color+.swift in Sources */ = {isa = PBXBuildFile; fileRef = 910C0D7D29320E7200C63550 /* Color+.swift */; };
		910C0D802932111500C63550 /* Double+NumberFormatter.swift in Sources */ = {isa = PBXBuildFile; fileRef = 910C0D7F2932111500C63550 /* Double+NumberFormatter.swift */; };
		911DF4A929321E4F009827F6 /* CryptoModel.swift in Sources */ = {isa = PBXBuildFile; fileRef = 911DF4A829321E4F009827F6 /* CryptoModel.swift */; };
		911DF4AB293225F6009827F6 /* APIService.swift in Sources */ = {isa = PBXBuildFile; fileRef = 911DF4AA293225F6009827F6 /* APIService.swift */; };
		91DF57122932509C00F2AA6D /* CryptoDetailView.swift in Sources */ = {isa = PBXBuildFile; fileRef = 91DF57112932509C00F2AA6D /* CryptoDetailView.swift */; };
		91DF571429328E1D00F2AA6D /* AsyncImageView.swift in Sources */ = {isa = PBXBuildFile; fileRef = 91DF571329328E1D00F2AA6D /* AsyncImageView.swift */; };
/* End PBXBuildFile section */

/* Begin PBXFileReference section */
		910C0D6829320AD100C63550 /* CryptoCurrency.app */ = {isa = PBXFileReference; explicitFileType = wrapper.application; includeInIndex = 0; path = CryptoCurrency.app; sourceTree = BUILT_PRODUCTS_DIR; };
		910C0D6B29320AD100C63550 /* CryptoCurrencyApp.swift */ = {isa = PBXFileReference; lastKnownFileType = sourcecode.swift; path = CryptoCurrencyApp.swift; sourceTree = "<group>"; };
		910C0D6D29320AD100C63550 /* CryptoView.swift */ = {isa = PBXFileReference; lastKnownFileType = sourcecode.swift; path = CryptoView.swift; sourceTree = "<group>"; };
		910C0D6F29320AD300C63550 /* Assets.xcassets */ = {isa = PBXFileReference; lastKnownFileType = folder.assetcatalog; path = Assets.xcassets; sourceTree = "<group>"; };
		910C0D7229320AD300C63550 /* Preview Assets.xcassets */ = {isa = PBXFileReference; lastKnownFileType = folder.assetcatalog; path = "Preview Assets.xcassets"; sourceTree = "<group>"; };
		910C0D7929320B3700C63550 /* CryptoListCellView.swift */ = {isa = PBXFileReference; lastKnownFileType = sourcecode.swift; path = CryptoListCellView.swift; sourceTree = "<group>"; };
		910C0D7D29320E7200C63550 /* Color+.swift */ = {isa = PBXFileReference; lastKnownFileType = sourcecode.swift; path = "Color+.swift"; sourceTree = "<group>"; };
		910C0D7F2932111500C63550 /* Double+NumberFormatter.swift */ = {isa = PBXFileReference; lastKnownFileType = sourcecode.swift; path = "Double+NumberFormatter.swift"; sourceTree = "<group>"; };
		911DF4A829321E4F009827F6 /* CryptoModel.swift */ = {isa = PBXFileReference; lastKnownFileType = sourcecode.swift; path = CryptoModel.swift; sourceTree = "<group>"; };
		911DF4AA293225F6009827F6 /* APIService.swift */ = {isa = PBXFileReference; lastKnownFileType = sourcecode.swift; path = APIService.swift; sourceTree = "<group>"; };
		91DF57112932509C00F2AA6D /* CryptoDetailView.swift */ = {isa = PBXFileReference; lastKnownFileType = sourcecode.swift; path = CryptoDetailView.swift; sourceTree = "<group>"; };
		91DF571329328E1D00F2AA6D /* AsyncImageView.swift */ = {isa = PBXFileReference; lastKnownFileType = sourcecode.swift; path = AsyncImageView.swift; sourceTree = "<group>"; };
/* End PBXFileReference section */

/* Begin PBXFrameworksBuildPhase section */
		910C0D6529320AD100C63550 /* Frameworks */ = {
			isa = PBXFrameworksBuildPhase;
			buildActionMask = 2147483647;
			files = (
			);
			runOnlyForDeploymentPostprocessing = 0;
		};
/* End PBXFrameworksBuildPhase section */

/* Begin PBXGroup section */
		910C0D5F29320AD100C63550 = {
			isa = PBXGroup;
			children = (
				910C0D6A29320AD100C63550 /* CryptoCurrency */,
				910C0D6929320AD100C63550 /* Products */,
			);
			sourceTree = "<group>";
		};
		910C0D6929320AD100C63550 /* Products */ = {
			isa = PBXGroup;
			children = (
				910C0D6829320AD100C63550 /* CryptoCurrency.app */,
			);
			name = Products;
			sourceTree = "<group>";
		};
		910C0D6A29320AD100C63550 /* CryptoCurrency */ = {
			isa = PBXGroup;
			children = (
				910C0D6B29320AD100C63550 /* CryptoCurrencyApp.swift */,
				910C0D6F29320AD300C63550 /* Assets.xcassets */,
				910C0D7C29320E5A00C63550 /* Helper */,
				911DF4A729321E34009827F6 /* Service */,
				910C0D7B29320B3A00C63550 /* View */,
				910C0D7129320AD300C63550 /* Preview Content */,
			);
			path = CryptoCurrency;
			sourceTree = "<group>";
		};
		910C0D7129320AD300C63550 /* Preview Content */ = {
			isa = PBXGroup;
			children = (
				910C0D7229320AD300C63550 /* Preview Assets.xcassets */,
			);
			path = "Preview Content";
			sourceTree = "<group>";
		};
		910C0D7B29320B3A00C63550 /* View */ = {
			isa = PBXGroup;
			children = (
				910C0D6D29320AD100C63550 /* CryptoView.swift */,
				910C0D7929320B3700C63550 /* CryptoListCellView.swift */,
				91DF57112932509C00F2AA6D /* CryptoDetailView.swift */,
				91DF571329328E1D00F2AA6D /* AsyncImageView.swift */,
			);
			path = View;
			sourceTree = "<group>";
		};
		910C0D7C29320E5A00C63550 /* Helper */ = {
			isa = PBXGroup;
			children = (
				910C0D7D29320E7200C63550 /* Color+.swift */,
				910C0D7F2932111500C63550 /* Double+NumberFormatter.swift */,
			);
			path = Helper;
			sourceTree = "<group>";
		};
		911DF4A729321E34009827F6 /* Service */ = {
			isa = PBXGroup;
			children = (
				911DF4A829321E4F009827F6 /* CryptoModel.swift */,
				911DF4AA293225F6009827F6 /* APIService.swift */,
			);
			path = Service;
			sourceTree = "<group>";
		};
/* End PBXGroup section */

/* Begin PBXNativeTarget section */
		910C0D6729320AD100C63550 /* CryptoCurrency */ = {
			isa = PBXNativeTarget;
			buildConfigurationList = 910C0D7629320AD300C63550 /* Build configuration list for PBXNativeTarget "CryptoCurrency" */;
			buildPhases = (
				910C0D6429320AD100C63550 /* Sources */,
				910C0D6529320AD100C63550 /* Frameworks */,
				910C0D6629320AD100C63550 /* Resources */,
			);
			buildRules = (
			);
			dependencies = (
			);
			name = CryptoCurrency;
			productName = CryptoCurrency;
			productReference = 910C0D6829320AD100C63550 /* CryptoCurrency.app */;
			productType = "com.apple.product-type.application";
		};
/* End PBXNativeTarget section */

/* Begin PBXProject section */
		910C0D6029320AD100C63550 /* Project object */ = {
			isa = PBXProject;
			attributes = {
				BuildIndependentTargetsInParallel = 1;
				LastSwiftUpdateCheck = 1400;
				LastUpgradeCheck = 1400;
				TargetAttributes = {
					910C0D6729320AD100C63550 = {
						CreatedOnToolsVersion = 14.0;
					};
				};
			};
			buildConfigurationList = 910C0D6329320AD100C63550 /* Build configuration list for PBXProject "CryptoCurrency" */;
			compatibilityVersion = "Xcode 14.0";
			developmentRegion = en;
			hasScannedForEncodings = 0;
			knownRegions = (
				en,
				Base,
			);
			mainGroup = 910C0D5F29320AD100C63550;
			productRefGroup = 910C0D6929320AD100C63550 /* Products */;
			projectDirPath = "";
			projectRoot = "";
			targets = (
				910C0D6729320AD100C63550 /* CryptoCurrency */,
			);
		};
/* End PBXProject section */

/* Begin PBXResourcesBuildPhase section */
		910C0D6629320AD100C63550 /* Resources */ = {
			isa = PBXResourcesBuildPhase;
			buildActionMask = 2147483647;
			files = (
				910C0D7329320AD300C63550 /* Preview Assets.xcassets in Resources */,
				910C0D7029320AD300C63550 /* Assets.xcassets in Resources */,
			);
			runOnlyForDeploymentPostprocessing = 0;
		};
/* End PBXResourcesBuildPhase section */

/* Begin PBXSourcesBuildPhase section */
		910C0D6429320AD100C63550 /* Sources */ = {
			isa = PBXSourcesBuildPhase;
			buildActionMask = 2147483647;
			files = (
				91DF57122932509C00F2AA6D /* CryptoDetailView.swift in Sources */,
				911DF4A929321E4F009827F6 /* CryptoModel.swift in Sources */,
				911DF4AB293225F6009827F6 /* APIService.swift in Sources */,
				910C0D7A29320B3700C63550 /* CryptoListCellView.swift in Sources */,
				910C0D7E29320E7200C63550 /* Color+.swift in Sources */,
				91DF571429328E1D00F2AA6D /* AsyncImageView.swift in Sources */,
				910C0D802932111500C63550 /* Double+NumberFormatter.swift in Sources */,
				910C0D6E29320AD100C63550 /* CryptoView.swift in Sources */,
				910C0D6C29320AD100C63550 /* CryptoCurrencyApp.swift in Sources */,
			);
			runOnlyForDeploymentPostprocessing = 0;
		};
/* End PBXSourcesBuildPhase section */

/* Begin XCBuildConfiguration section */
		910C0D7429320AD300C63550 /* Debug */ = {
			isa = XCBuildConfiguration;
			buildSettings = {
				ALWAYS_SEARCH_USER_PATHS = NO;
				CLANG_ANALYZER_NONNULL = YES;
				CLANG_ANALYZER_NUMBER_OBJECT_CONVERSION = YES_AGGRESSIVE;
				CLANG_CXX_LANGUAGE_STANDARD = "gnu++20";
				CLANG_ENABLE_MODULES = YES;
				CLANG_ENABLE_OBJC_ARC = YES;
				CLANG_ENABLE_OBJC_WEAK = YES;
				CLANG_WARN_BLOCK_CAPTURE_AUTORELEASING = YES;
				CLANG_WARN_BOOL_CONVERSION = YES;
				CLANG_WARN_COMMA = YES;
				CLANG_WARN_CONSTANT_CONVERSION = YES;
				CLANG_WARN_DEPRECATED_OBJC_IMPLEMENTATIONS = YES;
				CLANG_WARN_DIRECT_OBJC_ISA_USAGE = YES_ERROR;
				CLANG_WARN_DOCUMENTATION_COMMENTS = YES;
				CLANG_WARN_EMPTY_BODY = YES;
				CLANG_WARN_ENUM_CONVERSION = YES;
				CLANG_WARN_INFINITE_RECURSION = YES;
				CLANG_WARN_INT_CONVERSION = YES;
				CLANG_WARN_NON_LITERAL_NULL_CONVERSION = YES;
				CLANG_WARN_OBJC_IMPLICIT_RETAIN_SELF = YES;
				CLANG_WARN_OBJC_LITERAL_CONVERSION = YES;
				CLANG_WARN_OBJC_ROOT_CLASS = YES_ERROR;
				CLANG_WARN_QUOTED_INCLUDE_IN_FRAMEWORK_HEADER = YES;
				CLANG_WARN_RANGE_LOOP_ANALYSIS = YES;
				CLANG_WARN_STRICT_PROTOTYPES = YES;
				CLANG_WARN_SUSPICIOUS_MOVE = YES;
				CLANG_WARN_UNGUARDED_AVAILABILITY = YES_AGGRESSIVE;
				CLANG_WARN_UNREACHABLE_CODE = YES;
				CLANG_WARN__DUPLICATE_METHOD_MATCH = YES;
				COPY_PHASE_STRIP = NO;
				DEBUG_INFORMATION_FORMAT = dwarf;
				ENABLE_STRICT_OBJC_MSGSEND = YES;
				ENABLE_TESTABILITY = YES;
				GCC_C_LANGUAGE_STANDARD = gnu11;
				GCC_DYNAMIC_NO_PIC = NO;
				GCC_NO_COMMON_BLOCKS = YES;
				GCC_OPTIMIZATION_LEVEL = 0;
				GCC_PREPROCESSOR_DEFINITIONS = (
					"DEBUG=1",
					"$(inherited)",
				);
				GCC_WARN_64_TO_32_BIT_CONVERSION = YES;
				GCC_WARN_ABOUT_RETURN_TYPE = YES_ERROR;
				GCC_WARN_UNDECLARED_SELECTOR = YES;
				GCC_WARN_UNINITIALIZED_AUTOS = YES_AGGRESSIVE;
				GCC_WARN_UNUSED_FUNCTION = YES;
				GCC_WARN_UNUSED_VARIABLE = YES;
				IPHONEOS_DEPLOYMENT_TARGET = 16.0;
				MTL_ENABLE_DEBUG_INFO = INCLUDE_SOURCE;
				MTL_FAST_MATH = YES;
				ONLY_ACTIVE_ARCH = YES;
				SDKROOT = iphoneos;
				SWIFT_ACTIVE_COMPILATION_CONDITIONS = DEBUG;
				SWIFT_OPTIMIZATION_LEVEL = "-Onone";
			};
			name = Debug;
		};
		910C0D7529320AD300C63550 /* Release */ = {
			isa = XCBuildConfiguration;
			buildSettings = {
				ALWAYS_SEARCH_USER_PATHS = NO;
				CLANG_ANALYZER_NONNULL = YES;
				CLANG_ANALYZER_NUMBER_OBJECT_CONVERSION = YES_AGGRESSIVE;
				CLANG_CXX_LANGUAGE_STANDARD = "gnu++20";
				CLANG_ENABLE_MODULES = YES;
				CLANG_ENABLE_OBJC_ARC = YES;
				CLANG_ENABLE_OBJC_WEAK = YES;
				CLANG_WARN_BLOCK_CAPTURE_AUTORELEASING = YES;
				CLANG_WARN_BOOL_CONVERSION = YES;
				CLANG_WARN_COMMA = YES;
				CLANG_WARN_CONSTANT_CONVERSION = YES;
				CLANG_WARN_DEPRECATED_OBJC_IMPLEMENTATIONS = YES;
				CLANG_WARN_DIRECT_OBJC_ISA_USAGE = YES_ERROR;
				CLANG_WARN_DOCUMENTATION_COMMENTS = YES;
				CLANG_WARN_EMPTY_BODY = YES;
				CLANG_WARN_ENUM_CONVERSION = YES;
				CLANG_WARN_INFINITE_RECURSION = YES;
				CLANG_WARN_INT_CONVERSION = YES;
				CLANG_WARN_NON_LITERAL_NULL_CONVERSION = YES;
				CLANG_WARN_OBJC_IMPLICIT_RETAIN_SELF = YES;
				CLANG_WARN_OBJC_LITERAL_CONVERSION = YES;
				CLANG_WARN_OBJC_ROOT_CLASS = YES_ERROR;
				CLANG_WARN_QUOTED_INCLUDE_IN_FRAMEWORK_HEADER = YES;
				CLANG_WARN_RANGE_LOOP_ANALYSIS = YES;
				CLANG_WARN_STRICT_PROTOTYPES = YES;
				CLANG_WARN_SUSPICIOUS_MOVE = YES;
				CLANG_WARN_UNGUARDED_AVAILABILITY = YES_AGGRESSIVE;
				CLANG_WARN_UNREACHABLE_CODE = YES;
				CLANG_WARN__DUPLICATE_METHOD_MATCH = YES;
				COPY_PHASE_STRIP = NO;
				DEBUG_INFORMATION_FORMAT = "dwarf-with-dsym";
				ENABLE_NS_ASSERTIONS = NO;
				ENABLE_STRICT_OBJC_MSGSEND = YES;
				GCC_C_LANGUAGE_STANDARD = gnu11;
				GCC_NO_COMMON_BLOCKS = YES;
				GCC_WARN_64_TO_32_BIT_CONVERSION = YES;
				GCC_WARN_ABOUT_RETURN_TYPE = YES_ERROR;
				GCC_WARN_UNDECLARED_SELECTOR = YES;
				GCC_WARN_UNINITIALIZED_AUTOS = YES_AGGRESSIVE;
				GCC_WARN_UNUSED_FUNCTION = YES;
				GCC_WARN_UNUSED_VARIABLE = YES;
				IPHONEOS_DEPLOYMENT_TARGET = 16.0;
				MTL_ENABLE_DEBUG_INFO = NO;
				MTL_FAST_MATH = YES;
				SDKROOT = iphoneos;
				SWIFT_COMPILATION_MODE = wholemodule;
				SWIFT_OPTIMIZATION_LEVEL = "-O";
				VALIDATE_PRODUCT = YES;
			};
			name = Release;
		};
		910C0D7729320AD300C63550 /* Debug */ = {
			isa = XCBuildConfiguration;
			buildSettings = {
				ASSETCATALOG_COMPILER_APPICON_NAME = AppIcon;
				ASSETCATALOG_COMPILER_GLOBAL_ACCENT_COLOR_NAME = AccentColor;
				CODE_SIGN_STYLE = Automatic;
				CURRENT_PROJECT_VERSION = 1;
				DEVELOPMENT_ASSET_PATHS = "\"CryptoCurrency/Preview Content\"";
				DEVELOPMENT_TEAM = 7VXXFCQ96S;
				ENABLE_PREVIEWS = YES;
				GENERATE_INFOPLIST_FILE = YES;
				INFOPLIST_KEY_UIApplicationSceneManifest_Generation = YES;
				INFOPLIST_KEY_UIApplicationSupportsIndirectInputEvents = YES;
				INFOPLIST_KEY_UILaunchScreen_Generation = YES;
				INFOPLIST_KEY_UISupportedInterfaceOrientations_iPad = "UIInterfaceOrientationPortrait UIInterfaceOrientationPortraitUpsideDown UIInterfaceOrientationLandscapeLeft UIInterfaceOrientationLandscapeRight";
				INFOPLIST_KEY_UISupportedInterfaceOrientations_iPhone = "UIInterfaceOrientationPortrait UIInterfaceOrientationLandscapeLeft UIInterfaceOrientationLandscapeRight";
				LD_RUNPATH_SEARCH_PATHS = (
					"$(inherited)",
					"@executable_path/Frameworks",
				);
				MARKETING_VERSION = 1.0;
				PRODUCT_BUNDLE_IDENTIFIER = com.App.MehdiAbdi.CryptoCurrency;
				PRODUCT_NAME = "$(TARGET_NAME)";
				SWIFT_EMIT_LOC_STRINGS = YES;
				SWIFT_VERSION = 5.0;
				TARGETED_DEVICE_FAMILY = "1,2";
			};
			name = Debug;
		};
		910C0D7829320AD300C63550 /* Release */ = {
			isa = XCBuildConfiguration;
			buildSettings = {
				ASSETCATALOG_COMPILER_APPICON_NAME = AppIcon;
				ASSETCATALOG_COMPILER_GLOBAL_ACCENT_COLOR_NAME = AccentColor;
				CODE_SIGN_STYLE = Automatic;
				CURRENT_PROJECT_VERSION = 1;
				DEVELOPMENT_ASSET_PATHS = "\"CryptoCurrency/Preview Content\"";
				DEVELOPMENT_TEAM = 7VXXFCQ96S;
				ENABLE_PREVIEWS = YES;
				GENERATE_INFOPLIST_FILE = YES;
				INFOPLIST_KEY_UIApplicationSceneManifest_Generation = YES;
				INFOPLIST_KEY_UIApplicationSupportsIndirectInputEvents = YES;
				INFOPLIST_KEY_UILaunchScreen_Generation = YES;
				INFOPLIST_KEY_UISupportedInterfaceOrientations_iPad = "UIInterfaceOrientationPortrait UIInterfaceOrientationPortraitUpsideDown UIInterfaceOrientationLandscapeLeft UIInterfaceOrientationLandscapeRight";
				INFOPLIST_KEY_UISupportedInterfaceOrientations_iPhone = "UIInterfaceOrientationPortrait UIInterfaceOrientationLandscapeLeft UIInterfaceOrientationLandscapeRight";
				LD_RUNPATH_SEARCH_PATHS = (
					"$(inherited)",
					"@executable_path/Frameworks",
				);
				MARKETING_VERSION = 1.0;
				PRODUCT_BUNDLE_IDENTIFIER = com.App.MehdiAbdi.CryptoCurrency;
				PRODUCT_NAME = "$(TARGET_NAME)";
				SWIFT_EMIT_LOC_STRINGS = YES;
				SWIFT_VERSION = 5.0;
				TARGETED_DEVICE_FAMILY = "1,2";
			};
			name = Release;
		};
/* End XCBuildConfiguration section */

/* Begin XCConfigurationList section */
		910C0D6329320AD100C63550 /* Build configuration list for PBXProject "CryptoCurrency" */ = {
			isa = XCConfigurationList;
			buildConfigurations = (
				910C0D7429320AD300C63550 /* Debug */,
				910C0D7529320AD300C63550 /* Release */,
			);
			defaultConfigurationIsVisible = 0;
			defaultConfigurationName = Release;
		};
		910C0D7629320AD300C63550 /* Build configuration list for PBXNativeTarget "CryptoCurrency" */ = {
			isa = XCConfigurationList;
			buildConfigurations = (
				910C0D7729320AD300C63550 /* Debug */,
				910C0D7829320AD300C63550 /* Release */,
			);
			defaultConfigurationIsVisible = 0;
			defaultConfigurationName = Release;
		};
/* End XCConfigurationList section */
	};
	rootObject = 910C0D6029320AD100C63550 /* Project object */;
}
